
Microsoft Visual Studio Solution File, Format Version 12.00
# Visual Studio 14
VisualStudioVersion = 14.0.23107.0
MinimumVisualStudioVersion = 10.0.40219.1
Project("{FAE04EC0-301F-11D3-BF4B-00C04F79EFBC}") = "FlickrTest", "FlickrTest\FlickrTest.csproj", "{BB4E6268-8197-4173-A024-2E17589CF784}"
EndProject
Project("{FAE04EC0-301F-11D3-BF4B-00C04F79EFBC}") = "Core", "Core\Core.csproj", "{0F1FE98E-C25C-4E70-AE6E-699525EB1126}"
EndProject
Project("{2150E333-8FDC-42A3-9474-1A3956D46DE8}") = "1.Architecture", "1.Architecture", "{71972109-CC20-4508-808D-A14DB2E6B4FE}"
EndProject
Project("{2150E333-8FDC-42A3-9474-1A3956D46DE8}") = "2.Infrastructure", "2.Infrastructure", "{A3B08794-D06D-463A-AF0F-75F06FD66ADA}"
EndProject
Project("{FAE04EC0-301F-11D3-BF4B-00C04F79EFBC}") = "Common", "Common\Common.csproj", "{F023CC76-B517-48D3-973C-9877C40CA2EE}"
EndProject
Project("{FAE04EC0-301F-11D3-BF4B-00C04F79EFBC}") = "FlickrRepository", "FlickrRepository\FlickrRepository.csproj", "{0A7597C2-66C2-4C43-B39C-E7333692BCD0}"
EndProject
Global
	GlobalSection(SolutionConfigurationPlatforms) = preSolution
		Debug|Any CPU = Debug|Any CPU
		Release|Any CPU = Release|Any CPU
	EndGlobalSection
	GlobalSection(ProjectConfigurationPlatforms) = postSolution
		{BB4E6268-8197-4173-A024-2E17589CF784}.Debug|Any CPU.ActiveCfg = Debug|Any CPU
		{BB4E6268-8197-4173-A024-2E17589CF784}.Debug|Any CPU.Build.0 = Debug|Any CPU
		{BB4E6268-8197-4173-A024-2E17589CF784}.Release|Any CPU.ActiveCfg = Release|Any CPU
		{BB4E6268-8197-4173-A024-2E17589CF784}.Release|Any CPU.Build.0 = Release|Any CPU
		{0F1FE98E-C25C-4E70-AE6E-699525EB1126}.Debug|Any CPU.ActiveCfg = Debug|Any CPU
		{0F1FE98E-C25C-4E70-AE6E-699525EB1126}.Debug|Any CPU.Build.0 = Debug|Any CPU
		{0F1FE98E-C25C-4E70-AE6E-699525EB1126}.Release|Any CPU.ActiveCfg = Release|Any CPU
		{0F1FE98E-C25C-4E70-AE6E-699525EB1126}.Release|Any CPU.Build.0 = Release|Any CPU
		{F023CC76-B517-48D3-973C-9877C40CA2EE}.Debug|Any CPU.ActiveCfg = Debug|Any CPU
		{F023CC76-B517-48D3-973C-9877C40CA2EE}.Debug|Any CPU.Build.0 = Debug|Any CPU
		{F023CC76-B517-48D3-973C-9877C40CA2EE}.Release|Any CPU.ActiveCfg = Release|Any CPU
		{F023CC76-B517-48D3-973C-9877C40CA2EE}.Release|Any CPU.Build.0 = Release|Any CPU
		{0A7597C2-66C2-4C43-B39C-E7333692BCD0}.Debug|Any CPU.ActiveCfg = Debug|Any CPU
		{0A7597C2-66C2-4C43-B39C-E7333692BCD0}.Debug|Any CPU.Build.0 = Debug|Any CPU
		{0A7597C2-66C2-4C43-B39C-E7333692BCD0}.Release|Any CPU.ActiveCfg = Release|Any CPU
		{0A7597C2-66C2-4C43-B39C-E7333692BCD0}.Release|Any CPU.Build.0 = Release|Any CPU
	EndGlobalSection
	GlobalSection(SolutionProperties) = preSolution
		HideSolutionNode = FALSE
	EndGlobalSection
	GlobalSection(NestedProjects) = preSolution
		{0F1FE98E-C25C-4E70-AE6E-699525EB1126} = {71972109-CC20-4508-808D-A14DB2E6B4FE}
		{F023CC76-B517-48D3-973C-9877C40CA2EE} = {71972109-CC20-4508-808D-A14DB2E6B4FE}
		{0A7597C2-66C2-4C43-B39C-E7333692BCD0} = {A3B08794-D06D-463A-AF0F-75F06FD66ADA}
	EndGlobalSection
EndGlobal
